// !$*UTF8*$!
{
	archiveVersion = 1;
	classes = {
	};
	objectVersion = 46;
	objects = {

/* Begin PBXBuildFile section */
		305244FA153374810022F4D8 /* Foundation.framework in Frameworks */ = {isa = PBXBuildFile; fileRef = 305244F9153374810022F4D8 /* Foundation.framework */; };
		305244FD153374810022F4D8 /* main.m in Sources */ = {isa = PBXBuildFile; fileRef = 305244FC153374810022F4D8 /* main.m */; };
		30524501153374810022F4D8 /* md_preview.1 in CopyFiles */ = {isa = PBXBuildFile; fileRef = 30524500153374810022F4D8 /* md_preview.1 */; };
		3052451815337B780022F4D8 /* autolink.c in Sources */ = {isa = PBXBuildFile; fileRef = 3052450F15337B780022F4D8 /* autolink.c */; };
		3052451915337B780022F4D8 /* buffer.c in Sources */ = {isa = PBXBuildFile; fileRef = 3052451115337B780022F4D8 /* buffer.c */; };
		3052451A15337B780022F4D8 /* markdown.c in Sources */ = {isa = PBXBuildFile; fileRef = 3052451415337B780022F4D8 /* markdown.c */; };
		3052451B15337B780022F4D8 /* stack.c in Sources */ = {isa = PBXBuildFile; fileRef = 3052451615337B780022F4D8 /* stack.c */; };
		3052452315337B7F0022F4D8 /* houdini_href_e.c in Sources */ = {isa = PBXBuildFile; fileRef = 3052451E15337B7F0022F4D8 /* houdini_href_e.c */; };
		3052452415337B7F0022F4D8 /* houdini_html_e.c in Sources */ = {isa = PBXBuildFile; fileRef = 3052451F15337B7F0022F4D8 /* houdini_html_e.c */; };
		3052452515337B7F0022F4D8 /* html.c in Sources */ = {isa = PBXBuildFile; fileRef = 3052452015337B7F0022F4D8 /* html.c */; };
		3052452615337B7F0022F4D8 /* html_smartypants.c in Sources */ = {isa = PBXBuildFile; fileRef = 3052452215337B7F0022F4D8 /* html_smartypants.c */; };
/* End PBXBuildFile section */

/* Begin PBXCopyFilesBuildPhase section */
		305244F3153374810022F4D8 /* CopyFiles */ = {
			isa = PBXCopyFilesBuildPhase;
			buildActionMask = 2147483647;
			dstPath = /usr/share/man/man1/;
			dstSubfolderSpec = 0;
			files = (
				30524501153374810022F4D8 /* md_preview.1 in CopyFiles */,
			);
			runOnlyForDeploymentPostprocessing = 1;
		};
/* End PBXCopyFilesBuildPhase section */

/* Begin PBXFileReference section */
		305244F5153374810022F4D8 /* md-preview */ = {isa = PBXFileReference; explicitFileType = "compiled.mach-o.executable"; includeInIndex = 0; path = "md-preview"; sourceTree = BUILT_PRODUCTS_DIR; };
		305244F9153374810022F4D8 /* Foundation.framework */ = {isa = PBXFileReference; lastKnownFileType = wrapper.framework; name = Foundation.framework; path = System/Library/Frameworks/Foundation.framework; sourceTree = SDKROOT; };
		305244FC153374810022F4D8 /* main.m */ = {isa = PBXFileReference; lastKnownFileType = sourcecode.c.objc; path = main.m; sourceTree = "<group>"; };
		305244FF153374810022F4D8 /* md-preview-Prefix.pch */ = {isa = PBXFileReference; lastKnownFileType = sourcecode.c.h; path = "md-preview-Prefix.pch"; sourceTree = "<group>"; };
		30524500153374810022F4D8 /* md_preview.1 */ = {isa = PBXFileReference; lastKnownFileType = text.man; path = md_preview.1; sourceTree = "<group>"; };
		3052450F15337B780022F4D8 /* autolink.c */ = {isa = PBXFileReference; fileEncoding = 4; lastKnownFileType = sourcecode.c.c; path = autolink.c; sourceTree = "<group>"; };
		3052451015337B780022F4D8 /* autolink.h */ = {isa = PBXFileReference; fileEncoding = 4; lastKnownFileType = sourcecode.c.h; path = autolink.h; sourceTree = "<group>"; };
		3052451115337B780022F4D8 /* buffer.c */ = {isa = PBXFileReference; fileEncoding = 4; lastKnownFileType = sourcecode.c.c; path = buffer.c; sourceTree = "<group>"; };
		3052451215337B780022F4D8 /* buffer.h */ = {isa = PBXFileReference; fileEncoding = 4; lastKnownFileType = sourcecode.c.h; path = buffer.h; sourceTree = "<group>"; };
		3052451315337B780022F4D8 /* html_blocks.h */ = {isa = PBXFileReference; fileEncoding = 4; lastKnownFileType = sourcecode.c.h; path = html_blocks.h; sourceTree = "<group>"; };
		3052451415337B780022F4D8 /* markdown.c */ = {isa = PBXFileReference; fileEncoding = 4; lastKnownFileType = sourcecode.c.c; path = markdown.c; sourceTree = "<group>"; };
		3052451515337B780022F4D8 /* markdown.h */ = {isa = PBXFileReference; fileEncoding = 4; lastKnownFileType = sourcecode.c.h; path = markdown.h; sourceTree = "<group>"; };
		3052451615337B780022F4D8 /* stack.c */ = {isa = PBXFileReference; fileEncoding = 4; lastKnownFileType = sourcecode.c.c; path = stack.c; sourceTree = "<group>"; };
		3052451715337B780022F4D8 /* stack.h */ = {isa = PBXFileReference; fileEncoding = 4; lastKnownFileType = sourcecode.c.h; path = stack.h; sourceTree = "<group>"; };
		3052451D15337B7F0022F4D8 /* houdini.h */ = {isa = PBXFileReference; fileEncoding = 4; lastKnownFileType = sourcecode.c.h; path = houdini.h; sourceTree = "<group>"; };
		3052451E15337B7F0022F4D8 /* houdini_href_e.c */ = {isa = PBXFileReference; fileEncoding = 4; lastKnownFileType = sourcecode.c.c; path = houdini_href_e.c; sourceTree = "<group>"; };
		3052451F15337B7F0022F4D8 /* houdini_html_e.c */ = {isa = PBXFileReference; fileEncoding = 4; lastKnownFileType = sourcecode.c.c; path = houdini_html_e.c; sourceTree = "<group>"; };
		3052452015337B7F0022F4D8 /* html.c */ = {isa = PBXFileReference; fileEncoding = 4; lastKnownFileType = sourcecode.c.c; path = html.c; sourceTree = "<group>"; };
		3052452115337B7F0022F4D8 /* html.h */ = {isa = PBXFileReference; fileEncoding = 4; lastKnownFileType = sourcecode.c.h; path = html.h; sourceTree = "<group>"; };
		3052452215337B7F0022F4D8 /* html_smartypants.c */ = {isa = PBXFileReference; fileEncoding = 4; lastKnownFileType = sourcecode.c.c; path = html_smartypants.c; sourceTree = "<group>"; };
/* End PBXFileReference section */

/* Begin PBXFrameworksBuildPhase section */
		305244F2153374810022F4D8 /* Frameworks */ = {
			isa = PBXFrameworksBuildPhase;
			buildActionMask = 2147483647;
			files = (
				305244FA153374810022F4D8 /* Foundation.framework in Frameworks */,
			);
			runOnlyForDeploymentPostprocessing = 0;
		};
/* End PBXFrameworksBuildPhase section */

/* Begin PBXGroup section */
		305244EA153374810022F4D8 = {
			isa = PBXGroup;
			children = (
				3052450B15337B520022F4D8 /* vendor */,
				305244FB153374810022F4D8 /* md-preview */,
				305244F8153374810022F4D8 /* Frameworks */,
				305244F6153374810022F4D8 /* Products */,
			);
			sourceTree = "<group>";
		};
		305244F6153374810022F4D8 /* Products */ = {
			isa = PBXGroup;
			children = (
				305244F5153374810022F4D8 /* md-preview */,
			);
			name = Products;
			sourceTree = "<group>";
		};
		305244F8153374810022F4D8 /* Frameworks */ = {
			isa = PBXGroup;
			children = (
				305244F9153374810022F4D8 /* Foundation.framework */,
			);
			name = Frameworks;
			sourceTree = "<group>";
		};
		305244FB153374810022F4D8 /* md-preview */ = {
			isa = PBXGroup;
			children = (
				305244FC153374810022F4D8 /* main.m */,
				30524500153374810022F4D8 /* md_preview.1 */,
				305244FE153374810022F4D8 /* Supporting Files */,
			);
			path = "md-preview";
			sourceTree = "<group>";
		};
		305244FE153374810022F4D8 /* Supporting Files */ = {
			isa = PBXGroup;
			children = (
				305244FF153374810022F4D8 /* md-preview-Prefix.pch */,
			);
			name = "Supporting Files";
			sourceTree = "<group>";
		};
		3052450B15337B520022F4D8 /* vendor */ = {
			isa = PBXGroup;
			children = (
				3052450D15337B580022F4D8 /* sundown */,
			);
			name = vendor;
			sourceTree = "<group>";
		};
		3052450D15337B580022F4D8 /* sundown */ = {
			isa = PBXGroup;
			children = (
				3052451C15337B7F0022F4D8 /* html */,
				3052450E15337B780022F4D8 /* src */,
			);
			name = sundown;
			sourceTree = "<group>";
		};
		3052450E15337B780022F4D8 /* src */ = {
			isa = PBXGroup;
			children = (
				3052450F15337B780022F4D8 /* autolink.c */,
				3052451015337B780022F4D8 /* autolink.h */,
				3052451115337B780022F4D8 /* buffer.c */,
				3052451215337B780022F4D8 /* buffer.h */,
				3052451315337B780022F4D8 /* html_blocks.h */,
				3052451415337B780022F4D8 /* markdown.c */,
				3052451515337B780022F4D8 /* markdown.h */,
				3052451615337B780022F4D8 /* stack.c */,
				3052451715337B780022F4D8 /* stack.h */,
			);
			name = src;
			path = vendor/sundown/src;
			sourceTree = "<group>";
		};
		3052451C15337B7F0022F4D8 /* html */ = {
			isa = PBXGroup;
			children = (
				3052451D15337B7F0022F4D8 /* houdini.h */,
				3052451E15337B7F0022F4D8 /* houdini_href_e.c */,
				3052451F15337B7F0022F4D8 /* houdini_html_e.c */,
				3052452015337B7F0022F4D8 /* html.c */,
				3052452115337B7F0022F4D8 /* html.h */,
				3052452215337B7F0022F4D8 /* html_smartypants.c */,
			);
			name = html;
			path = vendor/sundown/html;
			sourceTree = "<group>";
		};
/* End PBXGroup section */

/* Begin PBXNativeTarget section */
		305244F4153374810022F4D8 /* md-preview */ = {
			isa = PBXNativeTarget;
			buildConfigurationList = 30524504153374810022F4D8 /* Build configuration list for PBXNativeTarget "md-preview" */;
			buildPhases = (
				305244F1153374810022F4D8 /* Sources */,
				305244F2153374810022F4D8 /* Frameworks */,
				305244F3153374810022F4D8 /* CopyFiles */,
			);
			buildRules = (
			);
			dependencies = (
			);
			name = "md-preview";
			productName = "md-preview";
			productReference = 305244F5153374810022F4D8 /* md-preview */;
			productType = "com.apple.product-type.tool";
		};
/* End PBXNativeTarget section */

/* Begin PBXProject section */
		305244EC153374810022F4D8 /* Project object */ = {
			isa = PBXProject;
			attributes = {
				LastUpgradeCheck = 0430;
				ORGANIZATIONNAME = GitHub;
			};
			buildConfigurationList = 305244EF153374810022F4D8 /* Build configuration list for PBXProject "md-preview" */;
			compatibilityVersion = "Xcode 3.2";
			developmentRegion = English;
			hasScannedForEncodings = 0;
			knownRegions = (
				en,
			);
			mainGroup = 305244EA153374810022F4D8;
			productRefGroup = 305244F6153374810022F4D8 /* Products */;
			projectDirPath = "";
			projectRoot = "";
			targets = (
				305244F4153374810022F4D8 /* md-preview */,
			);
		};
/* End PBXProject section */

/* Begin PBXSourcesBuildPhase section */
		305244F1153374810022F4D8 /* Sources */ = {
			isa = PBXSourcesBuildPhase;
			buildActionMask = 2147483647;
			files = (
				305244FD153374810022F4D8 /* main.m in Sources */,
				3052451815337B780022F4D8 /* autolink.c in Sources */,
				3052451915337B780022F4D8 /* buffer.c in Sources */,
				3052451A15337B780022F4D8 /* markdown.c in Sources */,
				3052451B15337B780022F4D8 /* stack.c in Sources */,
				3052452315337B7F0022F4D8 /* houdini_href_e.c in Sources */,
				3052452415337B7F0022F4D8 /* houdini_html_e.c in Sources */,
				3052452515337B7F0022F4D8 /* html.c in Sources */,
				3052452615337B7F0022F4D8 /* html_smartypants.c in Sources */,
			);
			runOnlyForDeploymentPostprocessing = 0;
		};
/* End PBXSourcesBuildPhase section */

/* Begin XCBuildConfiguration section */
		30524502153374810022F4D8 /* Debug */ = {
			isa = XCBuildConfiguration;
			buildSettings = {
				ALWAYS_SEARCH_USER_PATHS = NO;
				ARCHS = "$(ARCHS_STANDARD_64_BIT)";
				CLANG_ENABLE_OBJC_ARC = YES;
				COPY_PHASE_STRIP = NO;
				GCC_C_LANGUAGE_STANDARD = gnu99;
				GCC_DYNAMIC_NO_PIC = NO;
				GCC_ENABLE_OBJC_EXCEPTIONS = YES;
				GCC_OPTIMIZATION_LEVEL = 0;
				GCC_PREPROCESSOR_DEFINITIONS = (
					"DEBUG=1",
					"$(inherited)",
				);
				GCC_SYMBOLS_PRIVATE_EXTERN = NO;
				GCC_VERSION = com.apple.compilers.llvm.clang.1_0;
				GCC_WARN_64_TO_32_BIT_CONVERSION = YES;
				GCC_WARN_ABOUT_RETURN_TYPE = YES;
				GCC_WARN_UNINITIALIZED_AUTOS = YES;
				GCC_WARN_UNUSED_VARIABLE = YES;
				MACOSX_DEPLOYMENT_TARGET = 10.7;
				ONLY_ACTIVE_ARCH = YES;
				SDKROOT = macosx;
			};
			name = Debug;
		};
		30524503153374810022F4D8 /* Release */ = {
			isa = XCBuildConfiguration;
			buildSettings = {
				ALWAYS_SEARCH_USER_PATHS = NO;
				ARCHS = "$(ARCHS_STANDARD_64_BIT)";
				CLANG_ENABLE_OBJC_ARC = YES;
				COPY_PHASE_STRIP = YES;
				DEBUG_INFORMATION_FORMAT = "dwarf-with-dsym";
				GCC_C_LANGUAGE_STANDARD = gnu99;
				GCC_ENABLE_OBJC_EXCEPTIONS = YES;
				GCC_VERSION = com.apple.compilers.llvm.clang.1_0;
				GCC_WARN_64_TO_32_BIT_CONVERSION = YES;
				GCC_WARN_ABOUT_RETURN_TYPE = YES;
				GCC_WARN_UNINITIALIZED_AUTOS = YES;
				GCC_WARN_UNUSED_VARIABLE = YES;
				MACOSX_DEPLOYMENT_TARGET = 10.7;
				SDKROOT = macosx;
			};
			name = Release;
		};
		30524505153374810022F4D8 /* Debug */ = {
			isa = XCBuildConfiguration;
			buildSettings = {
				GCC_PRECOMPILE_PREFIX_HEADER = YES;
				GCC_PREFIX_HEADER = "md-preview/md-preview-Prefix.pch";
				PRODUCT_NAME = "$(TARGET_NAME)";
			};
			name = Debug;
		};
		30524506153374810022F4D8 /* Release */ = {
			isa = XCBuildConfiguration;
			buildSettings = {
				GCC_PRECOMPILE_PREFIX_HEADER = YES;
				GCC_PREFIX_HEADER = "md-preview/md-preview-Prefix.pch";
				PRODUCT_NAME = "$(TARGET_NAME)";
			};
			name = Release;
		};
/* End XCBuildConfiguration section */

/* Begin XCConfigurationList section */
		305244EF153374810022F4D8 /* Build configuration list for PBXProject "md-preview" */ = {
			isa = XCConfigurationList;
			buildConfigurations = (
				30524502153374810022F4D8 /* Debug */,
				30524503153374810022F4D8 /* Release */,
			);
			defaultConfigurationIsVisible = 0;
			defaultConfigurationName = Release;
		};
		30524504153374810022F4D8 /* Build configuration list for PBXNativeTarget "md-preview" */ = {
			isa = XCConfigurationList;
			buildConfigurations = (
				30524505153374810022F4D8 /* Debug */,
				30524506153374810022F4D8 /* Release */,
			);
			defaultConfigurationIsVisible = 0;
			defaultConfigurationName = Release;
		};
/* End XCConfigurationList section */
	};
	rootObject = 305244EC153374810022F4D8 /* Project object */;
}
